// !$*UTF8*$!
{
	archiveVersion = 1;
	classes = {
	};
	objectVersion = 50;
	objects = {

/* Begin PBXBuildFile section */
		ECEB78E52510486B00F14899 /* AppDelegate.swift in Sources */ = {isa = PBXBuildFile; fileRef = ECEB78E42510486B00F14899 /* AppDelegate.swift */; };
		ECEB78E72510486B00F14899 /* SceneDelegate.swift in Sources */ = {isa = PBXBuildFile; fileRef = ECEB78E62510486B00F14899 /* SceneDelegate.swift */; };
		ECEB78E92510486B00F14899 /* ViewController.swift in Sources */ = {isa = PBXBuildFile; fileRef = ECEB78E82510486B00F14899 /* ViewController.swift */; };
		ECEB78EC2510486B00F14899 /* Main.storyboard in Resources */ = {isa = PBXBuildFile; fileRef = ECEB78EA2510486B00F14899 /* Main.storyboard */; };
		ECEB78EE2510487200F14899 /* Assets.xcassets in Resources */ = {isa = PBXBuildFile; fileRef = ECEB78ED2510487200F14899 /* Assets.xcassets */; };
		ECEB78F12510487200F14899 /* LaunchScreen.storyboard in Resources */ = {isa = PBXBuildFile; fileRef = ECEB78EF2510487200F14899 /* LaunchScreen.storyboard */; };
/* End PBXBuildFile section */

/* Begin PBXFileReference section */
		ECEB78E12510486B00F14899 /* RMHsExternalLoginIOSExample.app */ = {isa = PBXFileReference; explicitFileType = wrapper.application; includeInIndex = 0; path = RMHsExternalLoginIOSExample.app; sourceTree = BUILT_PRODUCTS_DIR; };
		ECEB78E42510486B00F14899 /* AppDelegate.swift */ = {isa = PBXFileReference; lastKnownFileType = sourcecode.swift; path = AppDelegate.swift; sourceTree = "<group>"; };
		ECEB78E62510486B00F14899 /* SceneDelegate.swift */ = {isa = PBXFileReference; lastKnownFileType = sourcecode.swift; path = SceneDelegate.swift; sourceTree = "<group>"; };
		ECEB78E82510486B00F14899 /* ViewController.swift */ = {isa = PBXFileReference; lastKnownFileType = sourcecode.swift; path = ViewController.swift; sourceTree = "<group>"; };
		ECEB78EB2510486B00F14899 /* Base */ = {isa = PBXFileReference; lastKnownFileType = file.storyboard; name = Base; path = Base.lproj/Main.storyboard; sourceTree = "<group>"; };
		ECEB78ED2510487200F14899 /* Assets.xcassets */ = {isa = PBXFileReference; lastKnownFileType = folder.assetcatalog; path = Assets.xcassets; sourceTree = "<group>"; };
		ECEB78F02510487200F14899 /* Base */ = {isa = PBXFileReference; lastKnownFileType = file.storyboard; name = Base; path = Base.lproj/LaunchScreen.storyboard; sourceTree = "<group>"; };
		ECEB78F22510487200F14899 /* Info.plist */ = {isa = PBXFileReference; lastKnownFileType = text.plist.xml; path = Info.plist; sourceTree = "<group>"; };
/* End PBXFileReference section */

/* Begin PBXFrameworksBuildPhase section */
		ECEB78DE2510486B00F14899 /* Frameworks */ = {
			isa = PBXFrameworksBuildPhase;
			buildActionMask = 2147483647;
			files = (
			);
			runOnlyForDeploymentPostprocessing = 0;
		};
/* End PBXFrameworksBuildPhase section */

/* Begin PBXGroup section */
		ECEB78D82510486B00F14899 = {
			isa = PBXGroup;
			children = (
				ECEB78E32510486B00F14899 /* RMHsExternalLoginIOSExample */,
				ECEB78E22510486B00F14899 /* Products */,
			);
			sourceTree = "<group>";
		};
		ECEB78E22510486B00F14899 /* Products */ = {
			isa = PBXGroup;
			children = (
				ECEB78E12510486B00F14899 /* RMHsExternalLoginIOSExample.app */,
			);
			name = Products;
			sourceTree = "<group>";
		};
		ECEB78E32510486B00F14899 /* RMHsExternalLoginIOSExample */ = {
			isa = PBXGroup;
			children = (
				ECEB78E42510486B00F14899 /* AppDelegate.swift */,
				ECEB78E62510486B00F14899 /* SceneDelegate.swift */,
				ECEB78E82510486B00F14899 /* ViewController.swift */,
				ECEB78EA2510486B00F14899 /* Main.storyboard */,
				ECEB78ED2510487200F14899 /* Assets.xcassets */,
				ECEB78EF2510487200F14899 /* LaunchScreen.storyboard */,
				ECEB78F22510487200F14899 /* Info.plist */,
			);
			path = RMHsExternalLoginIOSExample;
			sourceTree = "<group>";
		};
/* End PBXGroup section */

/* Begin PBXNativeTarget section */
		ECEB78E02510486B00F14899 /* RMHsExternalLoginIOSExample */ = {
			isa = PBXNativeTarget;
			buildConfigurationList = ECEB78F52510487200F14899 /* Build configuration list for PBXNativeTarget "RMHsExternalLoginIOSExample" */;
			buildPhases = (
				ECEB78DD2510486B00F14899 /* Sources */,
				ECEB78DE2510486B00F14899 /* Frameworks */,
				ECEB78DF2510486B00F14899 /* Resources */,
			);
			buildRules = (
			);
			dependencies = (
			);
			name = RMHsExternalLoginIOSExample;
			productName = RMHsExternalLoginIOSExample;
			productReference = ECEB78E12510486B00F14899 /* RMHsExternalLoginIOSExample.app */;
			productType = "com.apple.product-type.application";
		};
/* End PBXNativeTarget section */

/* Begin PBXProject section */
		ECEB78D92510486B00F14899 /* Project object */ = {
			isa = PBXProject;
			attributes = {
				LastSwiftUpdateCheck = 1170;
				LastUpgradeCheck = 1170;
				ORGANIZATIONNAME = kushim.chiang;
				TargetAttributes = {
					ECEB78E02510486B00F14899 = {
						CreatedOnToolsVersion = 11.7;
					};
				};
			};
			buildConfigurationList = ECEB78DC2510486B00F14899 /* Build configuration list for PBXProject "RMHsExternalLoginIOSExample" */;
			compatibilityVersion = "Xcode 9.3";
			developmentRegion = en;
			hasScannedForEncodings = 0;
			knownRegions = (
				en,
				Base,
			);
			mainGroup = ECEB78D82510486B00F14899;
			productRefGroup = ECEB78E22510486B00F14899 /* Products */;
			projectDirPath = "";
			projectRoot = "";
			targets = (
				ECEB78E02510486B00F14899 /* RMHsExternalLoginIOSExample */,
			);
		};
/* End PBXProject section */

/* Begin PBXResourcesBuildPhase section */
		ECEB78DF2510486B00F14899 /* Resources */ = {
			isa = PBXResourcesBuildPhase;
			buildActionMask = 2147483647;
			files = (
				ECEB78F12510487200F14899 /* LaunchScreen.storyboard in Resources */,
				ECEB78EE2510487200F14899 /* Assets.xcassets in Resources */,
				ECEB78EC2510486B00F14899 /* Main.storyboard in Resources */,
			);
			runOnlyForDeploymentPostprocessing = 0;
		};
/* End PBXResourcesBuildPhase section */

/* Begin PBXSourcesBuildPhase section */
		ECEB78DD2510486B00F14899 /* Sources */ = {
			isa = PBXSourcesBuildPhase;
			buildActionMask = 2147483647;
			files = (
				ECEB78E92510486B00F14899 /* ViewController.swift in Sources */,
				ECEB78E52510486B00F14899 /* AppDelegate.swift in Sources */,
				ECEB78E72510486B00F14899 /* SceneDelegate.swift in Sources */,
			);
			runOnlyForDeploymentPostprocessing = 0;
		};
/* End PBXSourcesBuildPhase section */

/* Begin PBXVariantGroup section */
		ECEB78EA2510486B00F14899 /* Main.storyboard */ = {
			isa = PBXVariantGroup;
			children = (
				ECEB78EB2510486B00F14899 /* Base */,
			);
			name = Main.storyboard;
			sourceTree = "<group>";
		};
		ECEB78EF2510487200F14899 /* LaunchScreen.storyboard */ = {
			isa = PBXVariantGroup;
			children = (
				ECEB78F02510487200F14899 /* Base */,
			);
			name = LaunchScreen.storyboard;
			sourceTree = "<group>";
		};
/* End PBXVariantGroup section */

/* Begin XCBuildConfiguration section */
		ECEB78F32510487200F14899 /* Debug */ = {
			isa = XCBuildConfiguration;
			buildSettings = {
				ALWAYS_SEARCH_USER_PATHS = NO;
				CLANG_ANALYZER_NONNULL = YES;
				CLANG_ANALYZER_NUMBER_OBJECT_CONVERSION = YES_AGGRESSIVE;
				CLANG_CXX_LANGUAGE_STANDARD = "gnu++14";
				CLANG_CXX_LIBRARY = "libc++";
				CLANG_ENABLE_MODULES = YES;
				CLANG_ENABLE_OBJC_ARC = YES;
				CLANG_ENABLE_OBJC_WEAK = YES;
				CLANG_WARN_BLOCK_CAPTURE_AUTORELEASING = YES;
				CLANG_WARN_BOOL_CONVERSION = YES;
				CLANG_WARN_COMMA = YES;
				CLANG_WARN_CONSTANT_CONVERSION = YES;
				CLANG_WARN_DEPRECATED_OBJC_IMPLEMENTATIONS = YES;
				CLANG_WARN_DIRECT_OBJC_ISA_USAGE = YES_ERROR;
				CLANG_WARN_DOCUMENTATION_COMMENTS = YES;
				CLANG_WARN_EMPTY_BODY = YES;
				CLANG_WARN_ENUM_CONVERSION = YES;
				CLANG_WARN_INFINITE_RECURSION = YES;
				CLANG_WARN_INT_CONVERSION = YES;
				CLANG_WARN_NON_LITERAL_NULL_CONVERSION = YES;
				CLANG_WARN_OBJC_IMPLICIT_RETAIN_SELF = YES;
				CLANG_WARN_OBJC_LITERAL_CONVERSION = YES;
				CLANG_WARN_OBJC_ROOT_CLASS = YES_ERROR;
				CLANG_WARN_RANGE_LOOP_ANALYSIS = YES;
				CLANG_WARN_STRICT_PROTOTYPES = YES;
				CLANG_WARN_SUSPICIOUS_MOVE = YES;
				CLANG_WARN_UNGUARDED_AVAILABILITY = YES_AGGRESSIVE;
				CLANG_WARN_UNREACHABLE_CODE = YES;
				CLANG_WARN__DUPLICATE_METHOD_MATCH = YES;
				COPY_PHASE_STRIP = NO;
				DEBUG_INFORMATION_FORMAT = dwarf;
				ENABLE_STRICT_OBJC_MSGSEND = YES;
				ENABLE_TESTABILITY = YES;
				GCC_C_LANGUAGE_STANDARD = gnu11;
				GCC_DYNAMIC_NO_PIC = NO;
				GCC_NO_COMMON_BLOCKS = YES;
				GCC_OPTIMIZATION_LEVEL = 0;
				GCC_PREPROCESSOR_DEFINITIONS = (
					"DEBUG=1",
					"$(inherited)",
				);
				GCC_WARN_64_TO_32_BIT_CONVERSION = YES;
				GCC_WARN_ABOUT_RETURN_TYPE = YES_ERROR;
				GCC_WARN_UNDECLARED_SELECTOR = YES;
				GCC_WARN_UNINITIALIZED_AUTOS = YES_AGGRESSIVE;
				GCC_WARN_UNUSED_FUNCTION = YES;
				GCC_WARN_UNUSED_VARIABLE = YES;
				IPHONEOS_DEPLOYMENT_TARGET = 13.7;
				MTL_ENABLE_DEBUG_INFO = INCLUDE_SOURCE;
				MTL_FAST_MATH = YES;
				ONLY_ACTIVE_ARCH = YES;
				SDKROOT = iphoneos;
				SWIFT_ACTIVE_COMPILATION_CONDITIONS = DEBUG;
				SWIFT_OPTIMIZATION_LEVEL = "-Onone";
			};
			name = Debug;
		};
		ECEB78F42510487200F14899 /* Release */ = {
			isa = XCBuildConfiguration;
			buildSettings = {
				ALWAYS_SEARCH_USER_PATHS = NO;
				CLANG_ANALYZER_NONNULL = YES;
				CLANG_ANALYZER_NUMBER_OBJECT_CONVERSION = YES_AGGRESSIVE;
				CLANG_CXX_LANGUAGE_STANDARD = "gnu++14";
				CLANG_CXX_LIBRARY = "libc++";
				CLANG_ENABLE_MODULES = YES;
				CLANG_ENABLE_OBJC_ARC = YES;
				CLANG_ENABLE_OBJC_WEAK = YES;
				CLANG_WARN_BLOCK_CAPTURE_AUTORELEASING = YES;
				CLANG_WARN_BOOL_CONVERSION = YES;
				CLANG_WARN_COMMA = YES;
				CLANG_WARN_CONSTANT_CONVERSION = YES;
				CLANG_WARN_DEPRECATED_OBJC_IMPLEMENTATIONS = YES;
				CLANG_WARN_DIRECT_OBJC_ISA_USAGE = YES_ERROR;
				CLANG_WARN_DOCUMENTATION_COMMENTS = YES;
				CLANG_WARN_EMPTY_BODY = YES;
				CLANG_WARN_ENUM_CONVERSION = YES;
				CLANG_WARN_INFINITE_RECURSION = YES;
				CLANG_WARN_INT_CONVERSION = YES;
				CLANG_WARN_NON_LITERAL_NULL_CONVERSION = YES;
				CLANG_WARN_OBJC_IMPLICIT_RETAIN_SELF = YES;
				CLANG_WARN_OBJC_LITERAL_CONVERSION = YES;
				CLANG_WARN_OBJC_ROOT_CLASS = YES_ERROR;
				CLANG_WARN_RANGE_LOOP_ANALYSIS = YES;
				CLANG_WARN_STRICT_PROTOTYPES = YES;
				CLANG_WARN_SUSPICIOUS_MOVE = YES;
				CLANG_WARN_UNGUARDED_AVAILABILITY = YES_AGGRESSIVE;
				CLANG_WARN_UNREACHABLE_CODE = YES;
				CLANG_WARN__DUPLICATE_METHOD_MATCH = YES;
				COPY_PHASE_STRIP = NO;
				DEBUG_INFORMATION_FORMAT = "dwarf-with-dsym";
				ENABLE_NS_ASSERTIONS = NO;
				ENABLE_STRICT_OBJC_MSGSEND = YES;
				GCC_C_LANGUAGE_STANDARD = gnu11;
				GCC_NO_COMMON_BLOCKS = YES;
				GCC_WARN_64_TO_32_BIT_CONVERSION = YES;
				GCC_WARN_ABOUT_RETURN_TYPE = YES_ERROR;
				GCC_WARN_UNDECLARED_SELECTOR = YES;
				GCC_WARN_UNINITIALIZED_AUTOS = YES_AGGRESSIVE;
				GCC_WARN_UNUSED_FUNCTION = YES;
				GCC_WARN_UNUSED_VARIABLE = YES;
				IPHONEOS_DEPLOYMENT_TARGET = 13.7;
				MTL_ENABLE_DEBUG_INFO = NO;
				MTL_FAST_MATH = YES;
				SDKROOT = iphoneos;
				SWIFT_COMPILATION_MODE = wholemodule;
				SWIFT_OPTIMIZATION_LEVEL = "-O";
				VALIDATE_PRODUCT = YES;
			};
			name = Release;
		};
		ECEB78F62510487200F14899 /* Debug */ = {
			isa = XCBuildConfiguration;
			buildSettings = {
				ASSETCATALOG_COMPILER_APPICON_NAME = AppIcon;
				CODE_SIGN_STYLE = Automatic;
				DEVELOPMENT_TEAM = 9CYTJE6YUC;
				INFOPLIST_FILE = RMHsExternalLoginIOSExample/Info.plist;
				LD_RUNPATH_SEARCH_PATHS = (
					"$(inherited)",
					"@executable_path/Frameworks",
				);
				PRODUCT_BUNDLE_IDENTIFIER = net.wuufone.net.RMHsExternalLoginIOSExample;
				PRODUCT_NAME = "$(TARGET_NAME)";
				SWIFT_VERSION = 5.0;
				TARGETED_DEVICE_FAMILY = "1,2";
			};
			name = Debug;
		};
		ECEB78F72510487200F14899 /* Release */ = {
			isa = XCBuildConfiguration;
			buildSettings = {
				ASSETCATALOG_COMPILER_APPICON_NAME = AppIcon;
				CODE_SIGN_STYLE = Automatic;
				DEVELOPMENT_TEAM = 9CYTJE6YUC;
				INFOPLIST_FILE = RMHsExternalLoginIOSExample/Info.plist;
				LD_RUNPATH_SEARCH_PATHS = (
					"$(inherited)",
					"@executable_path/Frameworks",
				);
				PRODUCT_BUNDLE_IDENTIFIER = net.wuufone.net.RMHsExternalLoginIOSExample;
				PRODUCT_NAME = "$(TARGET_NAME)";
				SWIFT_VERSION = 5.0;
				TARGETED_DEVICE_FAMILY = "1,2";
			};
			name = Release;
		};
/* End XCBuildConfiguration section */

/* Begin XCConfigurationList section */
		ECEB78DC2510486B00F14899 /* Build configuration list for PBXProject "RMHsExternalLoginIOSExample" */ = {
			isa = XCConfigurationList;
			buildConfigurations = (
				ECEB78F32510487200F14899 /* Debug */,
				ECEB78F42510487200F14899 /* Release */,
			);
			defaultConfigurationIsVisible = 0;
			defaultConfigurationName = Release;
		};
		ECEB78F52510487200F14899 /* Build configuration list for PBXNativeTarget "RMHsExternalLoginIOSExample" */ = {
			isa = XCConfigurationList;
			buildConfigurations = (
				ECEB78F62510487200F14899 /* Debug */,
				ECEB78F72510487200F14899 /* Release */,
			);
			defaultConfigurationIsVisible = 0;
			defaultConfigurationName = Release;
		};
/* End XCConfigurationList section */
	};
	rootObject = ECEB78D92510486B00F14899 /* Project object */;
}
